
Microsoft Visual Studio Solution File, Format Version 12.00
# Visual Studio Version 17
VisualStudioVersion = 17.7.34221.43
MinimumVisualStudioVersion = 10.0.40219.1
Project("{FAE04EC0-301F-11D3-BF4B-00C04F79EFBC}") = "fttAssessment", "fttAssessment.csproj", "{901EA53D-804E-4CB0-82CB-4BF9E4813E4D}"
EndProject
Global
	GlobalSection(SolutionConfigurationPlatforms) = preSolution
		Debug|Any CPU = Debug|Any CPU
		Release|Any CPU = Release|Any CPU
	EndGlobalSection
	GlobalSection(ProjectConfigurationPlatforms) = postSolution
		{901EA53D-804E-4CB0-82CB-4BF9E4813E4D}.Debug|Any CPU.ActiveCfg = Debug|Any CPU
		{901EA53D-804E-4CB0-82CB-4BF9E4813E4D}.Debug|Any CPU.Build.0 = Debug|Any CPU
		{901EA53D-804E-4CB0-82CB-4BF9E4813E4D}.Release|Any CPU.ActiveCfg = Release|Any CPU
		{901EA53D-804E-4CB0-82CB-4BF9E4813E4D}.Release|Any CPU.Build.0 = Release|Any CPU
	EndGlobalSection
	GlobalSection(SolutionProperties) = preSolution
		HideSolutionNode = FALSE
	EndGlobalSection
	GlobalSection(ExtensibilityGlobals) = postSolution
		SolutionGuid = {0A926C66-A2DC-4D5F-8C8B-158087C9BB74}
	EndGlobalSection
EndGlobal
